
Microsoft Visual Studio Solution File, Format Version 12.00
# Visual Studio Version 17
VisualStudioVersion = 17.2.32630.192
MinimumVisualStudioVersion = 10.0.40219.1
Project("{2150E333-8FDC-42A3-9474-1A3956D46DE8}") = "src", "src", "{25D417F1-48D7-4C3D-8982-E7ED1085662D}"
EndProject
Project("{9A19103F-16F7-4668-BE54-9A1E7A4F7556}") = "Common.Library.Core", "src\Common.Library.Core\Common.Library.Core.csproj", "{1531F36F-3225-47B5-BD74-EC744CF609C3}"
EndProject
Project("{9A19103F-16F7-4668-BE54-9A1E7A4F7556}") = "Common.Library.EFCore", "src\Common.Library.EFCore\Common.Library.EFCore.csproj", "{B232E1B0-C594-4B1E-87B0-9AC1A4FAAA1B}"
EndProject
Project("{2150E333-8FDC-42A3-9474-1A3956D46DE8}") = "tests", "tests", "{98BB5052-2537-466A-B53E-977A5AE8938A}"
EndProject
Project("{9A19103F-16F7-4668-BE54-9A1E7A4F7556}") = "Common.Library.Core.Unit.Test", "tests\Common.Library.Unit.Test\Common.Library.Core.Unit.Test.csproj", "{97FEB713-DF20-4049-808C-F20027B46A1B}"
EndProject
Project("{9A19103F-16F7-4668-BE54-9A1E7A4F7556}") = "Common.Library.Mediatr", "src\Common.Library.Mediatr\Common.Library.Mediatr.csproj", "{176687F0-DD00-4FE2-B6F6-94829641EF1D}"
EndProject
Project("{FAE04EC0-301F-11D3-BF4B-00C04F79EFBC}") = "Common.Library.Mediatr.Unit.Test", "tests\Common.Library.Mediatr.Unit.Test\Common.Library.Mediatr.Unit.Test.csproj", "{ADA56C0A-9501-4A6D-8888-B3AABBA14649}"
EndProject
Global
	GlobalSection(SolutionConfigurationPlatforms) = preSolution
		Debug|Any CPU = Debug|Any CPU
		Release|Any CPU = Release|Any CPU
	EndGlobalSection
	GlobalSection(ProjectConfigurationPlatforms) = postSolution
		{1531F36F-3225-47B5-BD74-EC744CF609C3}.Debug|Any CPU.ActiveCfg = Debug|Any CPU
		{1531F36F-3225-47B5-BD74-EC744CF609C3}.Debug|Any CPU.Build.0 = Debug|Any CPU
		{1531F36F-3225-47B5-BD74-EC744CF609C3}.Release|Any CPU.ActiveCfg = Release|Any CPU
		{1531F36F-3225-47B5-BD74-EC744CF609C3}.Release|Any CPU.Build.0 = Release|Any CPU
		{B232E1B0-C594-4B1E-87B0-9AC1A4FAAA1B}.Debug|Any CPU.ActiveCfg = Debug|Any CPU
		{B232E1B0-C594-4B1E-87B0-9AC1A4FAAA1B}.Debug|Any CPU.Build.0 = Debug|Any CPU
		{B232E1B0-C594-4B1E-87B0-9AC1A4FAAA1B}.Release|Any CPU.ActiveCfg = Release|Any CPU
		{B232E1B0-C594-4B1E-87B0-9AC1A4FAAA1B}.Release|Any CPU.Build.0 = Release|Any CPU
		{97FEB713-DF20-4049-808C-F20027B46A1B}.Debug|Any CPU.ActiveCfg = Debug|Any CPU
		{97FEB713-DF20-4049-808C-F20027B46A1B}.Debug|Any CPU.Build.0 = Debug|Any CPU
		{97FEB713-DF20-4049-808C-F20027B46A1B}.Release|Any CPU.ActiveCfg = Release|Any CPU
		{97FEB713-DF20-4049-808C-F20027B46A1B}.Release|Any CPU.Build.0 = Release|Any CPU
		{176687F0-DD00-4FE2-B6F6-94829641EF1D}.Debug|Any CPU.ActiveCfg = Debug|Any CPU
		{176687F0-DD00-4FE2-B6F6-94829641EF1D}.Debug|Any CPU.Build.0 = Debug|Any CPU
		{176687F0-DD00-4FE2-B6F6-94829641EF1D}.Release|Any CPU.ActiveCfg = Release|Any CPU
		{176687F0-DD00-4FE2-B6F6-94829641EF1D}.Release|Any CPU.Build.0 = Release|Any CPU
		{ADA56C0A-9501-4A6D-8888-B3AABBA14649}.Debug|Any CPU.ActiveCfg = Debug|Any CPU
		{ADA56C0A-9501-4A6D-8888-B3AABBA14649}.Debug|Any CPU.Build.0 = Debug|Any CPU
		{ADA56C0A-9501-4A6D-8888-B3AABBA14649}.Release|Any CPU.ActiveCfg = Release|Any CPU
		{ADA56C0A-9501-4A6D-8888-B3AABBA14649}.Release|Any CPU.Build.0 = Release|Any CPU
	EndGlobalSection
	GlobalSection(SolutionProperties) = preSolution
		HideSolutionNode = FALSE
	EndGlobalSection
	GlobalSection(NestedProjects) = preSolution
		{1531F36F-3225-47B5-BD74-EC744CF609C3} = {25D417F1-48D7-4C3D-8982-E7ED1085662D}
		{B232E1B0-C594-4B1E-87B0-9AC1A4FAAA1B} = {25D417F1-48D7-4C3D-8982-E7ED1085662D}
		{97FEB713-DF20-4049-808C-F20027B46A1B} = {98BB5052-2537-466A-B53E-977A5AE8938A}
		{176687F0-DD00-4FE2-B6F6-94829641EF1D} = {25D417F1-48D7-4C3D-8982-E7ED1085662D}
		{ADA56C0A-9501-4A6D-8888-B3AABBA14649} = {98BB5052-2537-466A-B53E-977A5AE8938A}
	EndGlobalSection
	GlobalSection(ExtensibilityGlobals) = postSolution
		SolutionGuid = {CED1B0B3-7452-4A60-B799-B0190D58B25C}
	EndGlobalSection
EndGlobal
